
Microsoft Visual Studio Solution File, Format Version 12.00
# Visual Studio Version 17
VisualStudioVersion = 17.5.33530.505
MinimumVisualStudioVersion = 10.0.40219.1
Project("{FAE04EC0-301F-11D3-BF4B-00C04F79EFBC}") = "Powtarzam", "Powtarzam\Powtarzam.csproj", "{71127037-FC67-46F3-BE37-4901B684B9B9}"
EndProject
Global
	GlobalSection(SolutionConfigurationPlatforms) = preSolution
		Debug|Any CPU = Debug|Any CPU
		Release|Any CPU = Release|Any CPU
	EndGlobalSection
	GlobalSection(ProjectConfigurationPlatforms) = postSolution
		{71127037-FC67-46F3-BE37-4901B684B9B9}.Debug|Any CPU.ActiveCfg = Debug|Any CPU
		{71127037-FC67-46F3-BE37-4901B684B9B9}.Debug|Any CPU.Build.0 = Debug|Any CPU
		{71127037-FC67-46F3-BE37-4901B684B9B9}.Release|Any CPU.ActiveCfg = Release|Any CPU
		{71127037-FC67-46F3-BE37-4901B684B9B9}.Release|Any CPU.Build.0 = Release|Any CPU
	EndGlobalSection
	GlobalSection(SolutionProperties) = preSolution
		HideSolutionNode = FALSE
	EndGlobalSection
	GlobalSection(ExtensibilityGlobals) = postSolution
		SolutionGuid = {8187C6C5-7B4C-4675-9C62-684840A1818D}
	EndGlobalSection
EndGlobal
